<Solution>
  <Folder Name="/src/">
    <Project Path="src/Abstractions/Abstractions.csproj" />
    <Project Path="src/SiftQL/SiftQL.csproj" />
    <Project Path="src/Generators/Generators.csproj" />
  </Folder>
  <Folder Name="/tests/">
    <Project Path="tests/Generators.Tests/Generators.Tests.csproj" />
  </Folder>
  <Folder Name="/benchmarks/">
    <Project Path="benchmarks/Benchmarks/Benchmarks.csproj" />
  </Folder>
  <Folder Name="/examples/">
    <Project Path="examples/BasicFiltering/BasicFiltering.csproj" />
    <Project Path="examples/Subscriptions/Subscriptions.csproj" />
    <Project Path="examples/Projection/Projection.csproj" />
    <Project Path="examples/RpcQuery/RpcQuery.csproj" />
    <Project Path="examples/ServerPluginHost/ServerPluginHost.csproj" />
  </Folder>
  <Folder Name="/examples/ShaRpc/">
    <Project Path="examples/ShaRpc/SharedContracts/SharedContracts.csproj" />
    <Project Path="examples/ShaRpc/Server/Server.csproj" />
    <Project Path="examples/ShaRpc/Client/Client.csproj" />
  </Folder>
</Solution>
